
Microsoft Visual Studio Solution File, Format Version 12.00
# Visual Studio 15
VisualStudioVersion = 15.0.28307.136
MinimumVisualStudioVersion = 10.0.40219.1
Project("{FAE04EC0-301F-11D3-BF4B-00C04F79EFBC}") = "LinearSearch", "LinearSearch\LinearSearch.csproj", "{76CAB60B-5C72-43A4-8F2F-3765BFEDFF0B}"
EndProject
Global
	GlobalSection(SolutionConfigurationPlatforms) = preSolution
		Debug|Any CPU = Debug|Any CPU
		Release|Any CPU = Release|Any CPU
	EndGlobalSection
	GlobalSection(ProjectConfigurationPlatforms) = postSolution
		{76CAB60B-5C72-43A4-8F2F-3765BFEDFF0B}.Debug|Any CPU.ActiveCfg = Debug|Any CPU
		{76CAB60B-5C72-43A4-8F2F-3765BFEDFF0B}.Debug|Any CPU.Build.0 = Debug|Any CPU
		{76CAB60B-5C72-43A4-8F2F-3765BFEDFF0B}.Release|Any CPU.ActiveCfg = Release|Any CPU
		{76CAB60B-5C72-43A4-8F2F-3765BFEDFF0B}.Release|Any CPU.Build.0 = Release|Any CPU
	EndGlobalSection
	GlobalSection(SolutionProperties) = preSolution
		HideSolutionNode = FALSE
	EndGlobalSection
	GlobalSection(ExtensibilityGlobals) = postSolution
		SolutionGuid = {B3069A9E-727E-4E3E-ADA9-C2E4C12B7E78}
	EndGlobalSection
EndGlobal
