
Microsoft Visual Studio Solution File, Format Version 12.00
# Visual Studio 15
VisualStudioVersion = 15.0.28307.136
MinimumVisualStudioVersion = 10.0.40219.1
Project("{FAE04EC0-301F-11D3-BF4B-00C04F79EFBC}") = "BinarySearch", "BinarySearch\BinarySearch.csproj", "{F37D7352-662F-4842-8BDB-8258AE6786EB}"
EndProject
Global
	GlobalSection(SolutionConfigurationPlatforms) = preSolution
		Debug|Any CPU = Debug|Any CPU
		Release|Any CPU = Release|Any CPU
	EndGlobalSection
	GlobalSection(ProjectConfigurationPlatforms) = postSolution
		{F37D7352-662F-4842-8BDB-8258AE6786EB}.Debug|Any CPU.ActiveCfg = Debug|Any CPU
		{F37D7352-662F-4842-8BDB-8258AE6786EB}.Debug|Any CPU.Build.0 = Debug|Any CPU
		{F37D7352-662F-4842-8BDB-8258AE6786EB}.Release|Any CPU.ActiveCfg = Release|Any CPU
		{F37D7352-662F-4842-8BDB-8258AE6786EB}.Release|Any CPU.Build.0 = Release|Any CPU
	EndGlobalSection
	GlobalSection(SolutionProperties) = preSolution
		HideSolutionNode = FALSE
	EndGlobalSection
	GlobalSection(ExtensibilityGlobals) = postSolution
		SolutionGuid = {91BADB8A-9DE1-4CE0-AD4E-99CACDD830CF}
	EndGlobalSection
EndGlobal
